
Microsoft Visual Studio Solution File, Format Version 12.00
# Visual Studio Version 17
VisualStudioVersion = 17.7.34031.279
MinimumVisualStudioVersion = 10.0.40219.1
Project("{FAE04EC0-301F-11D3-BF4B-00C04F79EFBC}") = "213002_WinFormsApp1", "213002_WinFormsApp1.csproj", "{E3749E99-41F9-4D21-A600-58CF18197565}"
EndProject
Global
	GlobalSection(SolutionConfigurationPlatforms) = preSolution
		Debug|Any CPU = Debug|Any CPU
		Release|Any CPU = Release|Any CPU
	EndGlobalSection
	GlobalSection(ProjectConfigurationPlatforms) = postSolution
		{E3749E99-41F9-4D21-A600-58CF18197565}.Debug|Any CPU.ActiveCfg = Debug|Any CPU
		{E3749E99-41F9-4D21-A600-58CF18197565}.Debug|Any CPU.Build.0 = Debug|Any CPU
		{E3749E99-41F9-4D21-A600-58CF18197565}.Release|Any CPU.ActiveCfg = Release|Any CPU
		{E3749E99-41F9-4D21-A600-58CF18197565}.Release|Any CPU.Build.0 = Release|Any CPU
	EndGlobalSection
	GlobalSection(SolutionProperties) = preSolution
		HideSolutionNode = FALSE
	EndGlobalSection
	GlobalSection(ExtensibilityGlobals) = postSolution
		SolutionGuid = {405C8978-BB02-4A2B-BDA5-A72128722382}
	EndGlobalSection
EndGlobal
